<?xml version="1.0" encoding="utf-8"?>
<Project ToolsVersion="4.0" xmlns="http://schemas.microsoft.com/developer/msbuild/2003">
  <ItemGroup>
    <Filter Include="Source Files">
      <UniqueIdentifier>{8E4F1B8F-30C1-4D6B-9E3D-BA8A6C5740A1}</UniqueIdentifier>
      <Extensions>c;cpp;cxx</Extensions>
    </Filter>
    <Filter Include="Header Files">
      <UniqueIdentifier>{0C183A5F-2397-4B1D-8A2C-7B5C2D2D1B3C}</UniqueIdentifier>
      <Extensions>h;hpp</Extensions>
    </Filter>
    <Filter Include="Resource Files">
      <UniqueIdentifier>{2E02C404-9BC0-4A88-97D9-EC2DCA820DD8}</UniqueIdentifier>
      <Extensions>rc;ico</Extensions>
    </Filter>
  </ItemGroup>
  <ItemGroup>
    <ClCompile Include="..\dominium_setup_win_exe_main.cpp">
      <Filter>Source Files</Filter>
    </ClCompile>
  </ItemGroup>
  <ItemGroup>
    <ClInclude Include="..\dominium_setup_win_exe_resources.h">
      <Filter>Header Files</Filter>
    </ClInclude>
  </ItemGroup>
  <ItemGroup>
    <ResourceCompile Include="..\dominium_setup_win_exe.rc">
      <Filter>Resource Files</Filter>
    </ResourceCompile>
    <None Include="..\dominium_setup_win_exe.ico">
      <Filter>Resource Files</Filter>
    </None>
  </ItemGroup>
</Project>
